
Microsoft Visual Studio Solution File, Format Version 12.00
# Visual Studio 15
Project("{FAE04EC0-301F-11D3-BF4B-00C04F79EFBC}") = "StringSliderApp.Android", "StringSliderApp.Android\StringSliderApp.Android.csproj", "{51261CD5-8333-4802-82D9-78DA578EF8C9}"
EndProject
Project("{FAE04EC0-301F-11D3-BF4B-00C04F79EFBC}") = "StringSliderApp.iOS", "StringSliderApp.iOS\StringSliderApp.iOS.csproj", "{79A4D5A0-9216-4F0D-BD31-991207062ABE}"
EndProject
Project("{FAE04EC0-301F-11D3-BF4B-00C04F79EFBC}") = "StringSliderApp", "StringSliderApp\StringSliderApp.csproj", "{6F5788FB-47B2-4E41-931D-6DCFB7291733}"
EndProject
Global
	GlobalSection(SolutionConfigurationPlatforms) = preSolution
		Debug|Any CPU = Debug|Any CPU
		Release|Any CPU = Release|Any CPU
		Debug|iPhoneSimulator = Debug|iPhoneSimulator
		Release|iPhoneSimulator = Release|iPhoneSimulator
		Debug|iPhone = Debug|iPhone
		Release|iPhone = Release|iPhone
		Ad-Hoc|iPhone = Ad-Hoc|iPhone
		AppStore|iPhone = AppStore|iPhone
	EndGlobalSection
	GlobalSection(ProjectConfigurationPlatforms) = postSolution
		{51261CD5-8333-4802-82D9-78DA578EF8C9}.Debug|Any CPU.ActiveCfg = Debug|Any CPU
		{51261CD5-8333-4802-82D9-78DA578EF8C9}.Debug|Any CPU.Build.0 = Debug|Any CPU
		{51261CD5-8333-4802-82D9-78DA578EF8C9}.Release|Any CPU.ActiveCfg = Release|Any CPU
		{51261CD5-8333-4802-82D9-78DA578EF8C9}.Release|Any CPU.Build.0 = Release|Any CPU
		{51261CD5-8333-4802-82D9-78DA578EF8C9}.Debug|iPhoneSimulator.ActiveCfg = Debug|Any CPU
		{51261CD5-8333-4802-82D9-78DA578EF8C9}.Debug|iPhoneSimulator.Build.0 = Debug|Any CPU
		{51261CD5-8333-4802-82D9-78DA578EF8C9}.Release|iPhoneSimulator.ActiveCfg = Release|Any CPU
		{51261CD5-8333-4802-82D9-78DA578EF8C9}.Release|iPhoneSimulator.Build.0 = Release|Any CPU
		{51261CD5-8333-4802-82D9-78DA578EF8C9}.Debug|iPhone.ActiveCfg = Debug|Any CPU
		{51261CD5-8333-4802-82D9-78DA578EF8C9}.Debug|iPhone.Build.0 = Debug|Any CPU
		{51261CD5-8333-4802-82D9-78DA578EF8C9}.Release|iPhone.ActiveCfg = Release|Any CPU
		{51261CD5-8333-4802-82D9-78DA578EF8C9}.Release|iPhone.Build.0 = Release|Any CPU
		{51261CD5-8333-4802-82D9-78DA578EF8C9}.Ad-Hoc|iPhone.ActiveCfg = Debug|Any CPU
		{51261CD5-8333-4802-82D9-78DA578EF8C9}.Ad-Hoc|iPhone.Build.0 = Debug|Any CPU
		{51261CD5-8333-4802-82D9-78DA578EF8C9}.AppStore|iPhone.ActiveCfg = Debug|Any CPU
		{51261CD5-8333-4802-82D9-78DA578EF8C9}.AppStore|iPhone.Build.0 = Debug|Any CPU
		{79A4D5A0-9216-4F0D-BD31-991207062ABE}.Debug|Any CPU.ActiveCfg = Debug|iPhoneSimulator
		{79A4D5A0-9216-4F0D-BD31-991207062ABE}.Debug|Any CPU.Build.0 = Debug|iPhoneSimulator
		{79A4D5A0-9216-4F0D-BD31-991207062ABE}.Release|Any CPU.ActiveCfg = Release|iPhoneSimulator
		{79A4D5A0-9216-4F0D-BD31-991207062ABE}.Release|Any CPU.Build.0 = Release|iPhoneSimulator
		{79A4D5A0-9216-4F0D-BD31-991207062ABE}.Debug|iPhoneSimulator.ActiveCfg = Debug|iPhoneSimulator
		{79A4D5A0-9216-4F0D-BD31-991207062ABE}.Debug|iPhoneSimulator.Build.0 = Debug|iPhoneSimulator
		{79A4D5A0-9216-4F0D-BD31-991207062ABE}.Release|iPhoneSimulator.ActiveCfg = Release|iPhoneSimulator
		{79A4D5A0-9216-4F0D-BD31-991207062ABE}.Release|iPhoneSimulator.Build.0 = Release|iPhoneSimulator
		{79A4D5A0-9216-4F0D-BD31-991207062ABE}.Debug|iPhone.ActiveCfg = Debug|iPhone
		{79A4D5A0-9216-4F0D-BD31-991207062ABE}.Debug|iPhone.Build.0 = Debug|iPhone
		{79A4D5A0-9216-4F0D-BD31-991207062ABE}.Release|iPhone.ActiveCfg = Release|iPhone
		{79A4D5A0-9216-4F0D-BD31-991207062ABE}.Release|iPhone.Build.0 = Release|iPhone
		{79A4D5A0-9216-4F0D-BD31-991207062ABE}.Ad-Hoc|iPhone.ActiveCfg = Ad-Hoc|iPhone
		{79A4D5A0-9216-4F0D-BD31-991207062ABE}.Ad-Hoc|iPhone.Build.0 = Ad-Hoc|iPhone
		{79A4D5A0-9216-4F0D-BD31-991207062ABE}.AppStore|iPhone.ActiveCfg = AppStore|iPhone
		{79A4D5A0-9216-4F0D-BD31-991207062ABE}.AppStore|iPhone.Build.0 = AppStore|iPhone
		{6F5788FB-47B2-4E41-931D-6DCFB7291733}.Debug|Any CPU.ActiveCfg = Debug|Any CPU
		{6F5788FB-47B2-4E41-931D-6DCFB7291733}.Debug|Any CPU.Build.0 = Debug|Any CPU
		{6F5788FB-47B2-4E41-931D-6DCFB7291733}.Release|Any CPU.ActiveCfg = Release|Any CPU
		{6F5788FB-47B2-4E41-931D-6DCFB7291733}.Release|Any CPU.Build.0 = Release|Any CPU
		{6F5788FB-47B2-4E41-931D-6DCFB7291733}.Debug|iPhoneSimulator.ActiveCfg = Debug|Any CPU
		{6F5788FB-47B2-4E41-931D-6DCFB7291733}.Debug|iPhoneSimulator.Build.0 = Debug|Any CPU
		{6F5788FB-47B2-4E41-931D-6DCFB7291733}.Release|iPhoneSimulator.ActiveCfg = Release|Any CPU
		{6F5788FB-47B2-4E41-931D-6DCFB7291733}.Release|iPhoneSimulator.Build.0 = Release|Any CPU
		{6F5788FB-47B2-4E41-931D-6DCFB7291733}.Debug|iPhone.ActiveCfg = Debug|Any CPU
		{6F5788FB-47B2-4E41-931D-6DCFB7291733}.Debug|iPhone.Build.0 = Debug|Any CPU
		{6F5788FB-47B2-4E41-931D-6DCFB7291733}.Release|iPhone.ActiveCfg = Release|Any CPU
		{6F5788FB-47B2-4E41-931D-6DCFB7291733}.Release|iPhone.Build.0 = Release|Any CPU
		{6F5788FB-47B2-4E41-931D-6DCFB7291733}.Ad-Hoc|iPhone.ActiveCfg = Debug|Any CPU
		{6F5788FB-47B2-4E41-931D-6DCFB7291733}.Ad-Hoc|iPhone.Build.0 = Debug|Any CPU
		{6F5788FB-47B2-4E41-931D-6DCFB7291733}.AppStore|iPhone.ActiveCfg = Debug|Any CPU
		{6F5788FB-47B2-4E41-931D-6DCFB7291733}.AppStore|iPhone.Build.0 = Debug|Any CPU
	EndGlobalSection
EndGlobal
